
Microsoft Visual Studio Solution File, Format Version 12.00
# Visual Studio Version 17
VisualStudioVersion = 17.4.33110.190
MinimumVisualStudioVersion = 10.0.40219.1
Project("{FAE04EC0-301F-11D3-BF4B-00C04F79EFBC}") = "ExcelSql", "ExcelSql\ExcelSql.csproj", "{439400F2-86D6-461D-89AB-3D10CED576C0}"
EndProject
Global
	GlobalSection(SolutionConfigurationPlatforms) = preSolution
		Debug|Any CPU = Debug|Any CPU
		Release|Any CPU = Release|Any CPU
	EndGlobalSection
	GlobalSection(ProjectConfigurationPlatforms) = postSolution
		{439400F2-86D6-461D-89AB-3D10CED576C0}.Debug|Any CPU.ActiveCfg = Debug|Any CPU
		{439400F2-86D6-461D-89AB-3D10CED576C0}.Debug|Any CPU.Build.0 = Debug|Any CPU
		{439400F2-86D6-461D-89AB-3D10CED576C0}.Release|Any CPU.ActiveCfg = Release|Any CPU
		{439400F2-86D6-461D-89AB-3D10CED576C0}.Release|Any CPU.Build.0 = Release|Any CPU
	EndGlobalSection
	GlobalSection(SolutionProperties) = preSolution
		HideSolutionNode = FALSE
	EndGlobalSection
	GlobalSection(ExtensibilityGlobals) = postSolution
		SolutionGuid = {DA292203-946E-4C58-800D-9878F0E0D4A1}
	EndGlobalSection
EndGlobal
